
Microsoft Visual Studio Solution File, Format Version 12.00
# Visual Studio Version 17
VisualStudioVersion = 17.14.36429.23 d17.14
MinimumVisualStudioVersion = 10.0.40219.1
Project("{FAE04EC0-301F-11D3-BF4B-00C04F79EFBC}") = "Sortieralgorithmen", "Sortieralgorithmen.csproj", "{B5E23C87-A629-4DBE-9D85-CE9E8683AFEB}"
EndProject
Global
	GlobalSection(SolutionConfigurationPlatforms) = preSolution
		Debug|Any CPU = Debug|Any CPU
		Release|Any CPU = Release|Any CPU
	EndGlobalSection
	GlobalSection(ProjectConfigurationPlatforms) = postSolution
		{B5E23C87-A629-4DBE-9D85-CE9E8683AFEB}.Debug|Any CPU.ActiveCfg = Debug|Any CPU
		{B5E23C87-A629-4DBE-9D85-CE9E8683AFEB}.Debug|Any CPU.Build.0 = Debug|Any CPU
		{B5E23C87-A629-4DBE-9D85-CE9E8683AFEB}.Release|Any CPU.ActiveCfg = Release|Any CPU
		{B5E23C87-A629-4DBE-9D85-CE9E8683AFEB}.Release|Any CPU.Build.0 = Release|Any CPU
	EndGlobalSection
	GlobalSection(SolutionProperties) = preSolution
		HideSolutionNode = FALSE
	EndGlobalSection
	GlobalSection(ExtensibilityGlobals) = postSolution
		SolutionGuid = {72A15491-01B3-4AE3-AB0D-D140319E1448}
	EndGlobalSection
EndGlobal
